// !$*UTF8*$!
{
	archiveVersion = 1;
	classes = {
	};
	objectVersion = 46;
	objects = {

/* Begin PBXBuildFile section */
		B4583FC41C9A020E00FFB498 /* AppDelegate.swift in Sources */ = {isa = PBXBuildFile; fileRef = B4583FC31C9A020E00FFB498 /* AppDelegate.swift */; };
		B4583FC61C9A020E00FFB498 /* ViewController.swift in Sources */ = {isa = PBXBuildFile; fileRef = B4583FC51C9A020E00FFB498 /* ViewController.swift */; };
		B4583FC91C9A020E00FFB498 /* Main.storyboard in Resources */ = {isa = PBXBuildFile; fileRef = B4583FC71C9A020E00FFB498 /* Main.storyboard */; };
		B4583FCB1C9A020E00FFB498 /* Assets.xcassets in Resources */ = {isa = PBXBuildFile; fileRef = B4583FCA1C9A020E00FFB498 /* Assets.xcassets */; };
		B4583FCE1C9A020E00FFB498 /* LaunchScreen.storyboard in Resources */ = {isa = PBXBuildFile; fileRef = B4583FCC1C9A020E00FFB498 /* LaunchScreen.storyboard */; };
		B4583FD91C9A020E00FFB498 /* auto_layout_advanceTests.swift in Sources */ = {isa = PBXBuildFile; fileRef = B4583FD81C9A020E00FFB498 /* auto_layout_advanceTests.swift */; };
		B4583FE41C9A020E00FFB498 /* auto_layout_advanceUITests.swift in Sources */ = {isa = PBXBuildFile; fileRef = B4583FE31C9A020E00FFB498 /* auto_layout_advanceUITests.swift */; };
		B45888B01C9A0D1700C7491F /* Startup-rocket-launch in Resources */ = {isa = PBXBuildFile; fileRef = B45888AF1C9A0D1700C7491F /* Startup-rocket-launch */; };
		B45888B21C9A12AF00C7491F /* 52-01-01.jpg in Resources */ = {isa = PBXBuildFile; fileRef = B45888B11C9A12AF00C7491F /* 52-01-01.jpg */; };
/* End PBXBuildFile section */

/* Begin PBXContainerItemProxy section */
		B4583FD51C9A020E00FFB498 /* PBXContainerItemProxy */ = {
			isa = PBXContainerItemProxy;
			containerPortal = B4583FB81C9A020E00FFB498 /* Project object */;
			proxyType = 1;
			remoteGlobalIDString = B4583FBF1C9A020E00FFB498;
			remoteInfo = "auto-layout-advance";
		};
		B4583FE01C9A020E00FFB498 /* PBXContainerItemProxy */ = {
			isa = PBXContainerItemProxy;
			containerPortal = B4583FB81C9A020E00FFB498 /* Project object */;
			proxyType = 1;
			remoteGlobalIDString = B4583FBF1C9A020E00FFB498;
			remoteInfo = "auto-layout-advance";
		};
/* End PBXContainerItemProxy section */

/* Begin PBXFileReference section */
		B4583FC01C9A020E00FFB498 /* auto-layout-advance.app */ = {isa = PBXFileReference; explicitFileType = wrapper.application; includeInIndex = 0; path = "auto-layout-advance.app"; sourceTree = BUILT_PRODUCTS_DIR; };
		B4583FC31C9A020E00FFB498 /* AppDelegate.swift */ = {isa = PBXFileReference; lastKnownFileType = sourcecode.swift; path = AppDelegate.swift; sourceTree = "<group>"; };
		B4583FC51C9A020E00FFB498 /* ViewController.swift */ = {isa = PBXFileReference; lastKnownFileType = sourcecode.swift; path = ViewController.swift; sourceTree = "<group>"; };
		B4583FC81C9A020E00FFB498 /* Base */ = {isa = PBXFileReference; lastKnownFileType = file.storyboard; name = Base; path = Base.lproj/Main.storyboard; sourceTree = "<group>"; };
		B4583FCA1C9A020E00FFB498 /* Assets.xcassets */ = {isa = PBXFileReference; lastKnownFileType = folder.assetcatalog; path = Assets.xcassets; sourceTree = "<group>"; };
		B4583FCD1C9A020E00FFB498 /* Base */ = {isa = PBXFileReference; lastKnownFileType = file.storyboard; name = Base; path = Base.lproj/LaunchScreen.storyboard; sourceTree = "<group>"; };
		B4583FCF1C9A020E00FFB498 /* Info.plist */ = {isa = PBXFileReference; lastKnownFileType = text.plist.xml; path = Info.plist; sourceTree = "<group>"; };
		B4583FD41C9A020E00FFB498 /* auto-layout-advanceTests.xctest */ = {isa = PBXFileReference; explicitFileType = wrapper.cfbundle; includeInIndex = 0; path = "auto-layout-advanceTests.xctest"; sourceTree = BUILT_PRODUCTS_DIR; };
		B4583FD81C9A020E00FFB498 /* auto_layout_advanceTests.swift */ = {isa = PBXFileReference; lastKnownFileType = sourcecode.swift; path = auto_layout_advanceTests.swift; sourceTree = "<group>"; };
		B4583FDA1C9A020E00FFB498 /* Info.plist */ = {isa = PBXFileReference; lastKnownFileType = text.plist.xml; path = Info.plist; sourceTree = "<group>"; };
		B4583FDF1C9A020E00FFB498 /* auto-layout-advanceUITests.xctest */ = {isa = PBXFileReference; explicitFileType = wrapper.cfbundle; includeInIndex = 0; path = "auto-layout-advanceUITests.xctest"; sourceTree = BUILT_PRODUCTS_DIR; };
		B4583FE31C9A020E00FFB498 /* auto_layout_advanceUITests.swift */ = {isa = PBXFileReference; lastKnownFileType = sourcecode.swift; path = auto_layout_advanceUITests.swift; sourceTree = "<group>"; };
		B4583FE51C9A020E00FFB498 /* Info.plist */ = {isa = PBXFileReference; lastKnownFileType = text.plist.xml; path = Info.plist; sourceTree = "<group>"; };
		B45888AF1C9A0D1700C7491F /* Startup-rocket-launch */ = {isa = PBXFileReference; lastKnownFileType = folder; path = "Startup-rocket-launch"; sourceTree = "<group>"; };
		B45888B11C9A12AF00C7491F /* 52-01-01.jpg */ = {isa = PBXFileReference; lastKnownFileType = image.jpeg; name = "52-01-01.jpg"; path = "auto-layout-advance/Startup-rocket-launch/52-01-01.jpg"; sourceTree = "<group>"; };
/* End PBXFileReference section */

/* Begin PBXFrameworksBuildPhase section */
		B4583FBD1C9A020E00FFB498 /* Frameworks */ = {
			isa = PBXFrameworksBuildPhase;
			buildActionMask = 2147483647;
			files = (
			);
			runOnlyForDeploymentPostprocessing = 0;
		};
		B4583FD11C9A020E00FFB498 /* Frameworks */ = {
			isa = PBXFrameworksBuildPhase;
			buildActionMask = 2147483647;
			files = (
			);
			runOnlyForDeploymentPostprocessing = 0;
		};
		B4583FDC1C9A020E00FFB498 /* Frameworks */ = {
			isa = PBXFrameworksBuildPhase;
			buildActionMask = 2147483647;
			files = (
			);
			runOnlyForDeploymentPostprocessing = 0;
		};
/* End PBXFrameworksBuildPhase section */

/* Begin PBXGroup section */
		B4583FB71C9A020E00FFB498 = {
			isa = PBXGroup;
			children = (
				B45888B11C9A12AF00C7491F /* 52-01-01.jpg */,
				B4583FC21C9A020E00FFB498 /* auto-layout-advance */,
				B4583FD71C9A020E00FFB498 /* auto-layout-advanceTests */,
				B4583FE21C9A020E00FFB498 /* auto-layout-advanceUITests */,
				B4583FC11C9A020E00FFB498 /* Products */,
			);
			sourceTree = "<group>";
		};
		B4583FC11C9A020E00FFB498 /* Products */ = {
			isa = PBXGroup;
			children = (
				B4583FC01C9A020E00FFB498 /* auto-layout-advance.app */,
				B4583FD41C9A020E00FFB498 /* auto-layout-advanceTests.xctest */,
				B4583FDF1C9A020E00FFB498 /* auto-layout-advanceUITests.xctest */,
			);
			name = Products;
			sourceTree = "<group>";
		};
		B4583FC21C9A020E00FFB498 /* auto-layout-advance */ = {
			isa = PBXGroup;
			children = (
				B4583FC31C9A020E00FFB498 /* AppDelegate.swift */,
				B4583FC51C9A020E00FFB498 /* ViewController.swift */,
				B4583FC71C9A020E00FFB498 /* Main.storyboard */,
				B45888AF1C9A0D1700C7491F /* Startup-rocket-launch */,
				B4583FCA1C9A020E00FFB498 /* Assets.xcassets */,
				B4583FCC1C9A020E00FFB498 /* LaunchScreen.storyboard */,
				B4583FCF1C9A020E00FFB498 /* Info.plist */,
			);
			path = "auto-layout-advance";
			sourceTree = "<group>";
		};
		B4583FD71C9A020E00FFB498 /* auto-layout-advanceTests */ = {
			isa = PBXGroup;
			children = (
				B4583FD81C9A020E00FFB498 /* auto_layout_advanceTests.swift */,
				B4583FDA1C9A020E00FFB498 /* Info.plist */,
			);
			path = "auto-layout-advanceTests";
			sourceTree = "<group>";
		};
		B4583FE21C9A020E00FFB498 /* auto-layout-advanceUITests */ = {
			isa = PBXGroup;
			children = (
				B4583FE31C9A020E00FFB498 /* auto_layout_advanceUITests.swift */,
				B4583FE51C9A020E00FFB498 /* Info.plist */,
			);
			path = "auto-layout-advanceUITests";
			sourceTree = "<group>";
		};
/* End PBXGroup section */

/* Begin PBXNativeTarget section */
		B4583FBF1C9A020E00FFB498 /* auto-layout-advance */ = {
			isa = PBXNativeTarget;
			buildConfigurationList = B4583FE81C9A020E00FFB498 /* Build configuration list for PBXNativeTarget "auto-layout-advance" */;
			buildPhases = (
				B4583FBC1C9A020E00FFB498 /* Sources */,
				B4583FBD1C9A020E00FFB498 /* Frameworks */,
				B4583FBE1C9A020E00FFB498 /* Resources */,
			);
			buildRules = (
			);
			dependencies = (
			);
			name = "auto-layout-advance";
			productName = "auto-layout-advance";
			productReference = B4583FC01C9A020E00FFB498 /* auto-layout-advance.app */;
			productType = "com.apple.product-type.application";
		};
		B4583FD31C9A020E00FFB498 /* auto-layout-advanceTests */ = {
			isa = PBXNativeTarget;
			buildConfigurationList = B4583FEB1C9A020E00FFB498 /* Build configuration list for PBXNativeTarget "auto-layout-advanceTests" */;
			buildPhases = (
				B4583FD01C9A020E00FFB498 /* Sources */,
				B4583FD11C9A020E00FFB498 /* Frameworks */,
				B4583FD21C9A020E00FFB498 /* Resources */,
			);
			buildRules = (
			);
			dependencies = (
				B4583FD61C9A020E00FFB498 /* PBXTargetDependency */,
			);
			name = "auto-layout-advanceTests";
			productName = "auto-layout-advanceTests";
			productReference = B4583FD41C9A020E00FFB498 /* auto-layout-advanceTests.xctest */;
			productType = "com.apple.product-type.bundle.unit-test";
		};
		B4583FDE1C9A020E00FFB498 /* auto-layout-advanceUITests */ = {
			isa = PBXNativeTarget;
			buildConfigurationList = B4583FEE1C9A020E00FFB498 /* Build configuration list for PBXNativeTarget "auto-layout-advanceUITests" */;
			buildPhases = (
				B4583FDB1C9A020E00FFB498 /* Sources */,
				B4583FDC1C9A020E00FFB498 /* Frameworks */,
				B4583FDD1C9A020E00FFB498 /* Resources */,
			);
			buildRules = (
			);
			dependencies = (
				B4583FE11C9A020E00FFB498 /* PBXTargetDependency */,
			);
			name = "auto-layout-advanceUITests";
			productName = "auto-layout-advanceUITests";
			productReference = B4583FDF1C9A020E00FFB498 /* auto-layout-advanceUITests.xctest */;
			productType = "com.apple.product-type.bundle.ui-testing";
		};
/* End PBXNativeTarget section */

/* Begin PBXProject section */
		B4583FB81C9A020E00FFB498 /* Project object */ = {
			isa = PBXProject;
			attributes = {
				LastSwiftUpdateCheck = 0720;
				LastUpgradeCheck = 0720;
				ORGANIZATIONNAME = "Joffrey Mann";
				TargetAttributes = {
					B4583FBF1C9A020E00FFB498 = {
						CreatedOnToolsVersion = 7.2;
						DevelopmentTeam = K4XCB84M6V;
					};
					B4583FD31C9A020E00FFB498 = {
						CreatedOnToolsVersion = 7.2;
						TestTargetID = B4583FBF1C9A020E00FFB498;
					};
					B4583FDE1C9A020E00FFB498 = {
						CreatedOnToolsVersion = 7.2;
						TestTargetID = B4583FBF1C9A020E00FFB498;
					};
				};
			};
			buildConfigurationList = B4583FBB1C9A020E00FFB498 /* Build configuration list for PBXProject "auto-layout-advance" */;
			compatibilityVersion = "Xcode 3.2";
			developmentRegion = English;
			hasScannedForEncodings = 0;
			knownRegions = (
				en,
				Base,
			);
			mainGroup = B4583FB71C9A020E00FFB498;
			productRefGroup = B4583FC11C9A020E00FFB498 /* Products */;
			projectDirPath = "";
			projectRoot = "";
			targets = (
				B4583FBF1C9A020E00FFB498 /* auto-layout-advance */,
				B4583FD31C9A020E00FFB498 /* auto-layout-advanceTests */,
				B4583FDE1C9A020E00FFB498 /* auto-layout-advanceUITests */,
			);
		};
/* End PBXProject section */

/* Begin PBXResourcesBuildPhase section */
		B4583FBE1C9A020E00FFB498 /* Resources */ = {
			isa = PBXResourcesBuildPhase;
			buildActionMask = 2147483647;
			files = (
				B4583FCE1C9A020E00FFB498 /* LaunchScreen.storyboard in Resources */,
				B45888B21C9A12AF00C7491F /* 52-01-01.jpg in Resources */,
				B45888B01C9A0D1700C7491F /* Startup-rocket-launch in Resources */,
				B4583FCB1C9A020E00FFB498 /* Assets.xcassets in Resources */,
				B4583FC91C9A020E00FFB498 /* Main.storyboard in Resources */,
			);
			runOnlyForDeploymentPostprocessing = 0;
		};
		B4583FD21C9A020E00FFB498 /* Resources */ = {
			isa = PBXResourcesBuildPhase;
			buildActionMask = 2147483647;
			files = (
			);
			runOnlyForDeploymentPostprocessing = 0;
		};
		B4583FDD1C9A020E00FFB498 /* Resources */ = {
			isa = PBXResourcesBuildPhase;
			buildActionMask = 2147483647;
			files = (
			);
			runOnlyForDeploymentPostprocessing = 0;
		};
/* End PBXResourcesBuildPhase section */

/* Begin PBXSourcesBuildPhase section */
		B4583FBC1C9A020E00FFB498 /* Sources */ = {
			isa = PBXSourcesBuildPhase;
			buildActionMask = 2147483647;
			files = (
				B4583FC61C9A020E00FFB498 /* ViewController.swift in Sources */,
				B4583FC41C9A020E00FFB498 /* AppDelegate.swift in Sources */,
			);
			runOnlyForDeploymentPostprocessing = 0;
		};
		B4583FD01C9A020E00FFB498 /* Sources */ = {
			isa = PBXSourcesBuildPhase;
			buildActionMask = 2147483647;
			files = (
				B4583FD91C9A020E00FFB498 /* auto_layout_advanceTests.swift in Sources */,
			);
			runOnlyForDeploymentPostprocessing = 0;
		};
		B4583FDB1C9A020E00FFB498 /* Sources */ = {
			isa = PBXSourcesBuildPhase;
			buildActionMask = 2147483647;
			files = (
				B4583FE41C9A020E00FFB498 /* auto_layout_advanceUITests.swift in Sources */,
			);
			runOnlyForDeploymentPostprocessing = 0;
		};
/* End PBXSourcesBuildPhase section */

/* Begin PBXTargetDependency section */
		B4583FD61C9A020E00FFB498 /* PBXTargetDependency */ = {
			isa = PBXTargetDependency;
			target = B4583FBF1C9A020E00FFB498 /* auto-layout-advance */;
			targetProxy = B4583FD51C9A020E00FFB498 /* PBXContainerItemProxy */;
		};
		B4583FE11C9A020E00FFB498 /* PBXTargetDependency */ = {
			isa = PBXTargetDependency;
			target = B4583FBF1C9A020E00FFB498 /* auto-layout-advance */;
			targetProxy = B4583FE01C9A020E00FFB498 /* PBXContainerItemProxy */;
		};
/* End PBXTargetDependency section */

/* Begin PBXVariantGroup section */
		B4583FC71C9A020E00FFB498 /* Main.storyboard */ = {
			isa = PBXVariantGroup;
			children = (
				B4583FC81C9A020E00FFB498 /* Base */,
			);
			name = Main.storyboard;
			sourceTree = "<group>";
		};
		B4583FCC1C9A020E00FFB498 /* LaunchScreen.storyboard */ = {
			isa = PBXVariantGroup;
			children = (
				B4583FCD1C9A020E00FFB498 /* Base */,
			);
			name = LaunchScreen.storyboard;
			sourceTree = "<group>";
		};
/* End PBXVariantGroup section */

/* Begin XCBuildConfiguration section */
		B4583FE61C9A020E00FFB498 /* Debug */ = {
			isa = XCBuildConfiguration;
			buildSettings = {
				ALWAYS_SEARCH_USER_PATHS = NO;
				CLANG_CXX_LANGUAGE_STANDARD = "gnu++0x";
				CLANG_CXX_LIBRARY = "libc++";
				CLANG_ENABLE_MODULES = YES;
				CLANG_ENABLE_OBJC_ARC = YES;
				CLANG_WARN_BOOL_CONVERSION = YES;
				CLANG_WARN_CONSTANT_CONVERSION = YES;
				CLANG_WARN_DIRECT_OBJC_ISA_USAGE = YES_ERROR;
				CLANG_WARN_EMPTY_BODY = YES;
				CLANG_WARN_ENUM_CONVERSION = YES;
				CLANG_WARN_INT_CONVERSION = YES;
				CLANG_WARN_OBJC_ROOT_CLASS = YES_ERROR;
				CLANG_WARN_UNREACHABLE_CODE = YES;
				CLANG_WARN__DUPLICATE_METHOD_MATCH = YES;
				"CODE_SIGN_IDENTITY[sdk=iphoneos*]" = "iPhone Developer";
				COPY_PHASE_STRIP = NO;
				DEBUG_INFORMATION_FORMAT = dwarf;
				ENABLE_STRICT_OBJC_MSGSEND = YES;
				ENABLE_TESTABILITY = YES;
				GCC_C_LANGUAGE_STANDARD = gnu99;
				GCC_DYNAMIC_NO_PIC = NO;
				GCC_NO_COMMON_BLOCKS = YES;
				GCC_OPTIMIZATION_LEVEL = 0;
				GCC_PREPROCESSOR_DEFINITIONS = (
					"DEBUG=1",
					"$(inherited)",
				);
				GCC_WARN_64_TO_32_BIT_CONVERSION = YES;
				GCC_WARN_ABOUT_RETURN_TYPE = YES_ERROR;
				GCC_WARN_UNDECLARED_SELECTOR = YES;
				GCC_WARN_UNINITIALIZED_AUTOS = YES_AGGRESSIVE;
				GCC_WARN_UNUSED_FUNCTION = YES;
				GCC_WARN_UNUSED_VARIABLE = YES;
				IPHONEOS_DEPLOYMENT_TARGET = 9.2;
				MTL_ENABLE_DEBUG_INFO = YES;
				ONLY_ACTIVE_ARCH = YES;
				SDKROOT = iphoneos;
				SWIFT_OPTIMIZATION_LEVEL = "-Onone";
			};
			name = Debug;
		};
		B4583FE71C9A020E00FFB498 /* Release */ = {
			isa = XCBuildConfiguration;
			buildSettings = {
				ALWAYS_SEARCH_USER_PATHS = NO;
				CLANG_CXX_LANGUAGE_STANDARD = "gnu++0x";
				CLANG_CXX_LIBRARY = "libc++";
				CLANG_ENABLE_MODULES = YES;
				CLANG_ENABLE_OBJC_ARC = YES;
				CLANG_WARN_BOOL_CONVERSION = YES;
				CLANG_WARN_CONSTANT_CONVERSION = YES;
				CLANG_WARN_DIRECT_OBJC_ISA_USAGE = YES_ERROR;
				CLANG_WARN_EMPTY_BODY = YES;
				CLANG_WARN_ENUM_CONVERSION = YES;
				CLANG_WARN_INT_CONVERSION = YES;
				CLANG_WARN_OBJC_ROOT_CLASS = YES_ERROR;
				CLANG_WARN_UNREACHABLE_CODE = YES;
				CLANG_WARN__DUPLICATE_METHOD_MATCH = YES;
				"CODE_SIGN_IDENTITY[sdk=iphoneos*]" = "iPhone Developer";
				COPY_PHASE_STRIP = NO;
				DEBUG_INFORMATION_FORMAT = "dwarf-with-dsym";
				ENABLE_NS_ASSERTIONS = NO;
				ENABLE_STRICT_OBJC_MSGSEND = YES;
				GCC_C_LANGUAGE_STANDARD = gnu99;
				GCC_NO_COMMON_BLOCKS = YES;
				GCC_WARN_64_TO_32_BIT_CONVERSION = YES;
				GCC_WARN_ABOUT_RETURN_TYPE = YES_ERROR;
				GCC_WARN_UNDECLARED_SELECTOR = YES;
				GCC_WARN_UNINITIALIZED_AUTOS = YES_AGGRESSIVE;
				GCC_WARN_UNUSED_FUNCTION = YES;
				GCC_WARN_UNUSED_VARIABLE = YES;
				IPHONEOS_DEPLOYMENT_TARGET = 9.2;
				MTL_ENABLE_DEBUG_INFO = NO;
				SDKROOT = iphoneos;
				VALIDATE_PRODUCT = YES;
			};
			name = Release;
		};
		B4583FE91C9A020E00FFB498 /* Debug */ = {
			isa = XCBuildConfiguration;
			buildSettings = {
				ASSETCATALOG_COMPILER_APPICON_NAME = AppIcon;
				CODE_SIGN_IDENTITY = "iPhone Developer";
				INFOPLIST_FILE = "auto-layout-advance/Info.plist";
				LD_RUNPATH_SEARCH_PATHS = "$(inherited) @executable_path/Frameworks";
				PRODUCT_BUNDLE_IDENTIFIER = "clutchMobileApps.auto-layout-advance";
				PRODUCT_NAME = "$(TARGET_NAME)";
			};
			name = Debug;
		};
		B4583FEA1C9A020E00FFB498 /* Release */ = {
			isa = XCBuildConfiguration;
			buildSettings = {
				ASSETCATALOG_COMPILER_APPICON_NAME = AppIcon;
				CODE_SIGN_IDENTITY = "iPhone Developer";
				INFOPLIST_FILE = "auto-layout-advance/Info.plist";
				LD_RUNPATH_SEARCH_PATHS = "$(inherited) @executable_path/Frameworks";
				PRODUCT_BUNDLE_IDENTIFIER = "clutchMobileApps.auto-layout-advance";
				PRODUCT_NAME = "$(TARGET_NAME)";
			};
			name = Release;
		};
		B4583FEC1C9A020E00FFB498 /* Debug */ = {
			isa = XCBuildConfiguration;
			buildSettings = {
				BUNDLE_LOADER = "$(TEST_HOST)";
				INFOPLIST_FILE = "auto-layout-advanceTests/Info.plist";
				LD_RUNPATH_SEARCH_PATHS = "$(inherited) @executable_path/Frameworks @loader_path/Frameworks";
				PRODUCT_BUNDLE_IDENTIFIER = "clutchMobileApps.auto-layout-advanceTests";
				PRODUCT_NAME = "$(TARGET_NAME)";
				TEST_HOST = "$(BUILT_PRODUCTS_DIR)/auto-layout-advance.app/auto-layout-advance";
			};
			name = Debug;
		};
		B4583FED1C9A020E00FFB498 /* Release */ = {
			isa = XCBuildConfiguration;
			buildSettings = {
				BUNDLE_LOADER = "$(TEST_HOST)";
				INFOPLIST_FILE = "auto-layout-advanceTests/Info.plist";
				LD_RUNPATH_SEARCH_PATHS = "$(inherited) @executable_path/Frameworks @loader_path/Frameworks";
				PRODUCT_BUNDLE_IDENTIFIER = "clutchMobileApps.auto-layout-advanceTests";
				PRODUCT_NAME = "$(TARGET_NAME)";
				TEST_HOST = "$(BUILT_PRODUCTS_DIR)/auto-layout-advance.app/auto-layout-advance";
			};
			name = Release;
		};
		B4583FEF1C9A020E00FFB498 /* Debug */ = {
			isa = XCBuildConfiguration;
			buildSettings = {
				INFOPLIST_FILE = "auto-layout-advanceUITests/Info.plist";
				LD_RUNPATH_SEARCH_PATHS = "$(inherited) @executable_path/Frameworks @loader_path/Frameworks";
				PRODUCT_BUNDLE_IDENTIFIER = "clutchMobileApps.auto-layout-advanceUITests";
				PRODUCT_NAME = "$(TARGET_NAME)";
				TEST_TARGET_NAME = "auto-layout-advance";
				USES_XCTRUNNER = YES;
			};
			name = Debug;
		};
		B4583FF01C9A020E00FFB498 /* Release */ = {
			isa = XCBuildConfiguration;
			buildSettings = {
				INFOPLIST_FILE = "auto-layout-advanceUITests/Info.plist";
				LD_RUNPATH_SEARCH_PATHS = "$(inherited) @executable_path/Frameworks @loader_path/Frameworks";
				PRODUCT_BUNDLE_IDENTIFIER = "clutchMobileApps.auto-layout-advanceUITests";
				PRODUCT_NAME = "$(TARGET_NAME)";
				TEST_TARGET_NAME = "auto-layout-advance";
				USES_XCTRUNNER = YES;
			};
			name = Release;
		};
/* End XCBuildConfiguration section */

/* Begin XCConfigurationList section */
		B4583FBB1C9A020E00FFB498 /* Build configuration list for PBXProject "auto-layout-advance" */ = {
			isa = XCConfigurationList;
			buildConfigurations = (
				B4583FE61C9A020E00FFB498 /* Debug */,
				B4583FE71C9A020E00FFB498 /* Release */,
			);
			defaultConfigurationIsVisible = 0;
			defaultConfigurationName = Release;
		};
		B4583FE81C9A020E00FFB498 /* Build configuration list for PBXNativeTarget "auto-layout-advance" */ = {
			isa = XCConfigurationList;
			buildConfigurations = (
				B4583FE91C9A020E00FFB498 /* Debug */,
				B4583FEA1C9A020E00FFB498 /* Release */,
			);
			defaultConfigurationIsVisible = 0;
			defaultConfigurationName = Release;
		};
		B4583FEB1C9A020E00FFB498 /* Build configuration list for PBXNativeTarget "auto-layout-advanceTests" */ = {
			isa = XCConfigurationList;
			buildConfigurations = (
				B4583FEC1C9A020E00FFB498 /* Debug */,
				B4583FED1C9A020E00FFB498 /* Release */,
			);
			defaultConfigurationIsVisible = 0;
			defaultConfigurationName = Release;
		};
		B4583FEE1C9A020E00FFB498 /* Build configuration list for PBXNativeTarget "auto-layout-advanceUITests" */ = {
			isa = XCConfigurationList;
			buildConfigurations = (
				B4583FEF1C9A020E00FFB498 /* Debug */,
				B4583FF01C9A020E00FFB498 /* Release */,
			);
			defaultConfigurationIsVisible = 0;
			defaultConfigurationName = Release;
		};
/* End XCConfigurationList section */
	};
	rootObject = B4583FB81C9A020E00FFB498 /* Project object */;
}
